Microsoft Visual Studio Solution File, Format Version 12.00
# Visual Studio Version 16
VisualStudioVersion = 16.0.28803.202
MinimumVisualStudioVersion = 10.0.40219.1
Project("{8BC9CEB8-8B4A-11D0-8D11-00A0C91BC942}") = "requestor-win32", "requestor-win32.vs2013.vcxproj", "{67D615F8-4E5F-42F8-BE4C-197F348155AE}"
EndProject
Project("{8BC9CEB8-8B4A-11D0-8D11-00A0C91BC942}") = "server-win32", "server-win32.vs2013.vcxproj", "{B4A3663C-44D7-46D2-B397-9D7E0E4EB557}"
EndProject
Project("{8BC9CEB8-8B4A-11D0-8D11-00A0C91BC942}") = "relay-win32", "relay-win32.vs2013.vcxproj", "{F3D13220-6D1A-43A5-B753-AA107DAC773D}"
EndProject
Project("{8BC9CEB8-8B4A-11D0-8D11-00A0C91BC942}") = "client-win32", "client-win32.vs2013.vcxproj", "{F3A8782D-88E1-4604-AF79-CC225A3F64F4}"
EndProject
Global
	GlobalSection(SolutionConfigurationPlatforms) = preSolution
		Debug|Win32 = Debug|Win32
		Debug|x64 = Debug|x64
		Release|Win32 = Release|Win32
		Release|x64 = Release|x64
	EndGlobalSection
	GlobalSection(ProjectConfigurationPlatforms) = postSolution
		{67D615F8-4E5F-42F8-BE4C-197F348155AE}.Debug|Win32.ActiveCfg = Debug|Win32
		{67D615F8-4E5F-42F8-BE4C-197F348155AE}.Debug|Win32.Build.0 = Debug|Win32
		{67D615F8-4E5F-42F8-BE4C-197F348155AE}.Debug|Win32.Deploy.0 = Debug|Win32
		{67D615F8-4E5F-42F8-BE4C-197F348155AE}.Debug|x64.ActiveCfg = Debug|x64
		{67D615F8-4E5F-42F8-BE4C-197F348155AE}.Debug|x64.Build.0 = Debug|x64
		{67D615F8-4E5F-42F8-BE4C-197F348155AE}.Debug|x64.Deploy.0 = Debug|x64
		{67D615F8-4E5F-42F8-BE4C-197F348155AE}.Release|Win32.ActiveCfg = Release|Win32
		{67D615F8-4E5F-42F8-BE4C-197F348155AE}.Release|Win32.Build.0 = Release|Win32
		{67D615F8-4E5F-42F8-BE4C-197F348155AE}.Release|Win32.Deploy.0 = Release|Win32
		{67D615F8-4E5F-42F8-BE4C-197F348155AE}.Release|x64.ActiveCfg = Release|x64
		{67D615F8-4E5F-42F8-BE4C-197F348155AE}.Release|x64.Build.0 = Release|x64
		{67D615F8-4E5F-42F8-BE4C-197F348155AE}.Release|x64.Deploy.0 = Release|x64
		{B4A3663C-44D7-46D2-B397-9D7E0E4EB557}.Debug|Win32.ActiveCfg = Debug|Win32
		{B4A3663C-44D7-46D2-B397-9D7E0E4EB557}.Debug|Win32.Build.0 = Debug|Win32
		{B4A3663C-44D7-46D2-B397-9D7E0E4EB557}.Debug|x64.ActiveCfg = Debug|x64
		{B4A3663C-44D7-46D2-B397-9D7E0E4EB557}.Debug|x64.Build.0 = Debug|x64
		{B4A3663C-44D7-46D2-B397-9D7E0E4EB557}.Release|Win32.ActiveCfg = Release|Win32
		{B4A3663C-44D7-46D2-B397-9D7E0E4EB557}.Release|Win32.Build.0 = Release|Win32
		{B4A3663C-44D7-46D2-B397-9D7E0E4EB557}.Release|x64.ActiveCfg = Release|x64
		{B4A3663C-44D7-46D2-B397-9D7E0E4EB557}.Release|x64.Build.0 = Release|x64
		{F3D13220-6D1A-43A5-B753-AA107DAC773D}.Debug|Win32.ActiveCfg = Debug|Win32
		{F3D13220-6D1A-43A5-B753-AA107DAC773D}.Debug|Win32.Build.0 = Debug|Win32
		{F3D13220-6D1A-43A5-B753-AA107DAC773D}.Debug|Win32.Deploy.0 = Debug|Win32
		{F3D13220-6D1A-43A5-B753-AA107DAC773D}.Debug|x64.ActiveCfg = Debug|x64
		{F3D13220-6D1A-43A5-B753-AA107DAC773D}.Debug|x64.Build.0 = Debug|x64
		{F3D13220-6D1A-43A5-B753-AA107DAC773D}.Debug|x64.Deploy.0 = Debug|x64
		{F3D13220-6D1A-43A5-B753-AA107DAC773D}.Release|Win32.ActiveCfg = Release|Win32
		{F3D13220-6D1A-43A5-B753-AA107DAC773D}.Release|Win32.Build.0 = Release|Win32
		{F3D13220-6D1A-43A5-B753-AA107DAC773D}.Release|Win32.Deploy.0 = Release|Win32
		{F3D13220-6D1A-43A5-B753-AA107DAC773D}.Release|x64.ActiveCfg = Release|x64
		{F3D13220-6D1A-43A5-B753-AA107DAC773D}.Release|x64.Build.0 = Release|x64
		{F3D13220-6D1A-43A5-B753-AA107DAC773D}.Release|x64.Deploy.0 = Release|x64
		{F3A8782D-88E1-4604-AF79-CC225A3F64F4}.Debug|Win32.ActiveCfg = Debug|Win32
		{F3A8782D-88E1-4604-AF79-CC225A3F64F4}.Debug|Win32.Build.0 = Debug|Win32
		{F3A8782D-88E1-4604-AF79-CC225A3F64F4}.Debug|x64.ActiveCfg = Debug|x64
		{F3A8782D-88E1-4604-AF79-CC225A3F64F4}.Debug|x64.Build.0 = Debug|x64
		{F3A8782D-88E1-4604-AF79-CC225A3F64F4}.Release|Win32.ActiveCfg = Release|Win32
		{F3A8782D-88E1-4604-AF79-CC225A3F64F4}.Release|Win32.Build.0 = Release|Win32
		{F3A8782D-88E1-4604-AF79-CC225A3F64F4}.Release|x64.ActiveCfg = Release|x64
		{F3A8782D-88E1-4604-AF79-CC225A3F64F4}.Release|x64.Build.0 = Release|x64
	EndGlobalSection
	GlobalSection(SolutionProperties) = preSolution
		HideSolutionNode = FALSE
	EndGlobalSection
	GlobalSection(ExtensibilityGlobals) = postSolution
		SolutionGuid = {0DCEB8DD-B9DC-45FF-B5A9-391734C69841}
	EndGlobalSection
EndGlobal
