Microsoft Visual Studio Solution File, Format Version 8.00
Project("{8BC9CEB8-8B4A-11D0-8D11-00A0C91BC942}") = "client-win32", "client-win32.vs2003.vcproj", "{F3A8782D-88E1-4604-AF79-CC225A3F64F4}"
	ProjectSection(ProjectDependencies) = postProject
	EndProjectSection
EndProject
Project("{8BC9CEB8-8B4A-11D0-8D11-00A0C91BC942}") = "requestor-win32", "requestor-win32.vs2003.vcproj", "{67D615F8-4E5F-42F8-BE4C-197F348155AE}"
	ProjectSection(ProjectDependencies) = postProject
	EndProjectSection
EndProject
Project("{8BC9CEB8-8B4A-11D0-8D11-00A0C91BC942}") = "server-win32", "server-win32.vs2003.vcproj", "{B4A3663C-44D7-46D2-B397-9D7E0E4EB557}"
	ProjectSection(ProjectDependencies) = postProject
	EndProjectSection
EndProject
Project("{8BC9CEB8-8B4A-11D0-8D11-00A0C91BC942}") = "relay-win32", "relay-win32.vs2003.vcproj", "{B4A3663C-44D7-46D2-B397-9D7E0E4EB557}"
	ProjectSection(ProjectDependencies) = postProject
	EndProjectSection
EndProject
Global
	GlobalSection(SolutionConfiguration) = preSolution
		Debug = Debug
		Release = Release
	EndGlobalSection
	GlobalSection(ProjectConfiguration) = postSolution
		{F3A8782D-88E1-4604-AF79-CC225A3F64F4}.Debug.ActiveCfg = Debug|Win32
		{F3A8782D-88E1-4604-AF79-CC225A3F64F4}.Debug.Build.0 = Debug|Win32
		{F3A8782D-88E1-4604-AF79-CC225A3F64F4}.Release.ActiveCfg = Release|Win32
		{F3A8782D-88E1-4604-AF79-CC225A3F64F4}.Release.Build.0 = Release|Win32
		{67D615F8-4E5F-42F8-BE4C-197F348155AE}.Debug.ActiveCfg = Debug|Win32
		{67D615F8-4E5F-42F8-BE4C-197F348155AE}.Debug.Build.0 = Debug|Win32
		{67D615F8-4E5F-42F8-BE4C-197F348155AE}.Release.ActiveCfg = Release|Win32
		{67D615F8-4E5F-42F8-BE4C-197F348155AE}.Release.Build.0 = Release|Win32
		{B4A3663C-44D7-46D2-B397-9D7E0E4EB557}.Debug.ActiveCfg = Debug|Win32
		{B4A3663C-44D7-46D2-B397-9D7E0E4EB557}.Debug.Build.0 = Debug|Win32
		{B4A3663C-44D7-46D2-B397-9D7E0E4EB557}.Release.ActiveCfg = Release|Win32
		{B4A3663C-44D7-46D2-B397-9D7E0E4EB557}.Release.Build.0 = Release|Win32
		{B4A3663C-44D7-46D2-B397-9D7E0E4EB557}.Debug.ActiveCfg = Debug|Win32
		{B4A3663C-44D7-46D2-B397-9D7E0E4EB557}.Debug.Build.0 = Debug|Win32
		{B4A3663C-44D7-46D2-B397-9D7E0E4EB557}.Release.ActiveCfg = Release|Win32
		{B4A3663C-44D7-46D2-B397-9D7E0E4EB557}.Release.Build.0 = Release|Win32
	EndGlobalSection
	GlobalSection(ExtensibilityGlobals) = postSolution
	EndGlobalSection
	GlobalSection(ExtensibilityAddIns) = postSolution
	EndGlobalSection
EndGlobal
